
Microsoft Visual Studio Solution File, Format Version 12.00
# Visual Studio Version 16
VisualStudioVersion = 16.0.30711.63
MinimumVisualStudioVersion = 15.0.26124.0
Project("{2150E333-8FDC-42A3-9474-1A3956D46DE8}") = "Lab1", "Lab1", "{06696615-FD14-43CC-92CE-44BC7FA2A411}"
EndProject
Project("{9A19103F-16F7-4668-BE54-9A1E7A4F7556}") = "Lab1Ex1", "Lab1\Ex1\Lab1Ex1.csproj", "{16399301-E15C-4F78-948F-E84B9C647618}"
EndProject
Project("{9A19103F-16F7-4668-BE54-9A1E7A4F7556}") = "Lab1Ex2", "Lab1\Ex2\Lab1Ex2.csproj", "{148D5244-45EA-49F6-8CD1-E694897B876D}"
EndProject
Project("{2150E333-8FDC-42A3-9474-1A3956D46DE8}") = "Lab2", "Lab2", "{AC8466F0-B7CB-45AC-B226-659096CC1529}"
EndProject
Project("{9A19103F-16F7-4668-BE54-9A1E7A4F7556}") = "Ex1Console", "Lab2\Ex1Console\Ex1Console.csproj", "{2104F176-D79F-4DC4-B93C-DFC7B8676203}"
EndProject
Project("{9A19103F-16F7-4668-BE54-9A1E7A4F7556}") = "SieveLibrary", "Lab2\SieveLibrary\SieveLibrary.csproj", "{9EE3BF5E-F996-42F1-B70C-450F62E8AB5A}"
EndProject
Project("{9A19103F-16F7-4668-BE54-9A1E7A4F7556}") = "SieveTest", "Lab2\SieveTest\SieveTest.csproj", "{A4555400-7832-4FD9-9BC0-845E4091F5D6}"
EndProject
Project("{2150E333-8FDC-42A3-9474-1A3956D46DE8}") = "Lab4", "Lab4", "{F64A2972-E918-4EEC-A65B-28554FEE281D}"
EndProject
Project("{2150E333-8FDC-42A3-9474-1A3956D46DE8}") = "Ex7", "Ex7", "{A682B09D-0B3E-4D5A-9F25-1E9B96B1512F}"
EndProject
Project("{9A19103F-16F7-4668-BE54-9A1E7A4F7556}") = "BankClient", "Lab4\Ex7\BankClient\BankClient.csproj", "{E3D2A3C4-BE0C-44F8-9F60-9DB7CC287D06}"
EndProject
Project("{9A19103F-16F7-4668-BE54-9A1E7A4F7556}") = "BankServer", "Lab4\Ex7\BankServer\BankServer.csproj", "{C46725BC-4E2E-4410-B602-EAF9A24914C0}"
EndProject
Project("{9A19103F-16F7-4668-BE54-9A1E7A4F7556}") = "Lab6", "Lab6\Lab6.csproj", "{0CEE12CB-8D61-4858-9F72-442B30AF4739}"
EndProject
Global
	GlobalSection(SolutionConfigurationPlatforms) = preSolution
		Debug|Any CPU = Debug|Any CPU
		Debug|x64 = Debug|x64
		Debug|x86 = Debug|x86
		Release|Any CPU = Release|Any CPU
		Release|x64 = Release|x64
		Release|x86 = Release|x86
	EndGlobalSection
	GlobalSection(ProjectConfigurationPlatforms) = postSolution
		{16399301-E15C-4F78-948F-E84B9C647618}.Debug|Any CPU.ActiveCfg = Debug|Any CPU
		{16399301-E15C-4F78-948F-E84B9C647618}.Debug|Any CPU.Build.0 = Debug|Any CPU
		{16399301-E15C-4F78-948F-E84B9C647618}.Debug|x64.ActiveCfg = Debug|Any CPU
		{16399301-E15C-4F78-948F-E84B9C647618}.Debug|x64.Build.0 = Debug|Any CPU
		{16399301-E15C-4F78-948F-E84B9C647618}.Debug|x86.ActiveCfg = Debug|Any CPU
		{16399301-E15C-4F78-948F-E84B9C647618}.Debug|x86.Build.0 = Debug|Any CPU
		{16399301-E15C-4F78-948F-E84B9C647618}.Release|Any CPU.ActiveCfg = Release|Any CPU
		{16399301-E15C-4F78-948F-E84B9C647618}.Release|Any CPU.Build.0 = Release|Any CPU
		{16399301-E15C-4F78-948F-E84B9C647618}.Release|x64.ActiveCfg = Release|Any CPU
		{16399301-E15C-4F78-948F-E84B9C647618}.Release|x64.Build.0 = Release|Any CPU
		{16399301-E15C-4F78-948F-E84B9C647618}.Release|x86.ActiveCfg = Release|Any CPU
		{16399301-E15C-4F78-948F-E84B9C647618}.Release|x86.Build.0 = Release|Any CPU
		{148D5244-45EA-49F6-8CD1-E694897B876D}.Debug|Any CPU.ActiveCfg = Debug|Any CPU
		{148D5244-45EA-49F6-8CD1-E694897B876D}.Debug|Any CPU.Build.0 = Debug|Any CPU
		{148D5244-45EA-49F6-8CD1-E694897B876D}.Debug|x64.ActiveCfg = Debug|Any CPU
		{148D5244-45EA-49F6-8CD1-E694897B876D}.Debug|x64.Build.0 = Debug|Any CPU
		{148D5244-45EA-49F6-8CD1-E694897B876D}.Debug|x86.ActiveCfg = Debug|Any CPU
		{148D5244-45EA-49F6-8CD1-E694897B876D}.Debug|x86.Build.0 = Debug|Any CPU
		{148D5244-45EA-49F6-8CD1-E694897B876D}.Release|Any CPU.ActiveCfg = Release|Any CPU
		{148D5244-45EA-49F6-8CD1-E694897B876D}.Release|Any CPU.Build.0 = Release|Any CPU
		{148D5244-45EA-49F6-8CD1-E694897B876D}.Release|x64.ActiveCfg = Release|Any CPU
		{148D5244-45EA-49F6-8CD1-E694897B876D}.Release|x64.Build.0 = Release|Any CPU
		{148D5244-45EA-49F6-8CD1-E694897B876D}.Release|x86.ActiveCfg = Release|Any CPU
		{148D5244-45EA-49F6-8CD1-E694897B876D}.Release|x86.Build.0 = Release|Any CPU
		{2104F176-D79F-4DC4-B93C-DFC7B8676203}.Debug|Any CPU.ActiveCfg = Debug|Any CPU
		{2104F176-D79F-4DC4-B93C-DFC7B8676203}.Debug|Any CPU.Build.0 = Debug|Any CPU
		{2104F176-D79F-4DC4-B93C-DFC7B8676203}.Debug|x64.ActiveCfg = Debug|Any CPU
		{2104F176-D79F-4DC4-B93C-DFC7B8676203}.Debug|x64.Build.0 = Debug|Any CPU
		{2104F176-D79F-4DC4-B93C-DFC7B8676203}.Debug|x86.ActiveCfg = Debug|Any CPU
		{2104F176-D79F-4DC4-B93C-DFC7B8676203}.Debug|x86.Build.0 = Debug|Any CPU
		{2104F176-D79F-4DC4-B93C-DFC7B8676203}.Release|Any CPU.ActiveCfg = Release|Any CPU
		{2104F176-D79F-4DC4-B93C-DFC7B8676203}.Release|Any CPU.Build.0 = Release|Any CPU
		{2104F176-D79F-4DC4-B93C-DFC7B8676203}.Release|x64.ActiveCfg = Release|Any CPU
		{2104F176-D79F-4DC4-B93C-DFC7B8676203}.Release|x64.Build.0 = Release|Any CPU
		{2104F176-D79F-4DC4-B93C-DFC7B8676203}.Release|x86.ActiveCfg = Release|Any CPU
		{2104F176-D79F-4DC4-B93C-DFC7B8676203}.Release|x86.Build.0 = Release|Any CPU
		{9EE3BF5E-F996-42F1-B70C-450F62E8AB5A}.Debug|Any CPU.ActiveCfg = Debug|Any CPU
		{9EE3BF5E-F996-42F1-B70C-450F62E8AB5A}.Debug|Any CPU.Build.0 = Debug|Any CPU
		{9EE3BF5E-F996-42F1-B70C-450F62E8AB5A}.Debug|x64.ActiveCfg = Debug|Any CPU
		{9EE3BF5E-F996-42F1-B70C-450F62E8AB5A}.Debug|x64.Build.0 = Debug|Any CPU
		{9EE3BF5E-F996-42F1-B70C-450F62E8AB5A}.Debug|x86.ActiveCfg = Debug|Any CPU
		{9EE3BF5E-F996-42F1-B70C-450F62E8AB5A}.Debug|x86.Build.0 = Debug|Any CPU
		{9EE3BF5E-F996-42F1-B70C-450F62E8AB5A}.Release|Any CPU.ActiveCfg = Release|Any CPU
		{9EE3BF5E-F996-42F1-B70C-450F62E8AB5A}.Release|Any CPU.Build.0 = Release|Any CPU
		{9EE3BF5E-F996-42F1-B70C-450F62E8AB5A}.Release|x64.ActiveCfg = Release|Any CPU
		{9EE3BF5E-F996-42F1-B70C-450F62E8AB5A}.Release|x64.Build.0 = Release|Any CPU
		{9EE3BF5E-F996-42F1-B70C-450F62E8AB5A}.Release|x86.ActiveCfg = Release|Any CPU
		{9EE3BF5E-F996-42F1-B70C-450F62E8AB5A}.Release|x86.Build.0 = Release|Any CPU
		{A4555400-7832-4FD9-9BC0-845E4091F5D6}.Debug|Any CPU.ActiveCfg = Debug|Any CPU
		{A4555400-7832-4FD9-9BC0-845E4091F5D6}.Debug|Any CPU.Build.0 = Debug|Any CPU
		{A4555400-7832-4FD9-9BC0-845E4091F5D6}.Debug|x64.ActiveCfg = Debug|Any CPU
		{A4555400-7832-4FD9-9BC0-845E4091F5D6}.Debug|x64.Build.0 = Debug|Any CPU
		{A4555400-7832-4FD9-9BC0-845E4091F5D6}.Debug|x86.ActiveCfg = Debug|Any CPU
		{A4555400-7832-4FD9-9BC0-845E4091F5D6}.Debug|x86.Build.0 = Debug|Any CPU
		{A4555400-7832-4FD9-9BC0-845E4091F5D6}.Release|Any CPU.ActiveCfg = Release|Any CPU
		{A4555400-7832-4FD9-9BC0-845E4091F5D6}.Release|Any CPU.Build.0 = Release|Any CPU
		{A4555400-7832-4FD9-9BC0-845E4091F5D6}.Release|x64.ActiveCfg = Release|Any CPU
		{A4555400-7832-4FD9-9BC0-845E4091F5D6}.Release|x64.Build.0 = Release|Any CPU
		{A4555400-7832-4FD9-9BC0-845E4091F5D6}.Release|x86.ActiveCfg = Release|Any CPU
		{A4555400-7832-4FD9-9BC0-845E4091F5D6}.Release|x86.Build.0 = Release|Any CPU
		{E3D2A3C4-BE0C-44F8-9F60-9DB7CC287D06}.Debug|Any CPU.ActiveCfg = Debug|Any CPU
		{E3D2A3C4-BE0C-44F8-9F60-9DB7CC287D06}.Debug|Any CPU.Build.0 = Debug|Any CPU
		{E3D2A3C4-BE0C-44F8-9F60-9DB7CC287D06}.Debug|x64.ActiveCfg = Debug|Any CPU
		{E3D2A3C4-BE0C-44F8-9F60-9DB7CC287D06}.Debug|x64.Build.0 = Debug|Any CPU
		{E3D2A3C4-BE0C-44F8-9F60-9DB7CC287D06}.Debug|x86.ActiveCfg = Debug|Any CPU
		{E3D2A3C4-BE0C-44F8-9F60-9DB7CC287D06}.Debug|x86.Build.0 = Debug|Any CPU
		{E3D2A3C4-BE0C-44F8-9F60-9DB7CC287D06}.Release|Any CPU.ActiveCfg = Release|Any CPU
		{E3D2A3C4-BE0C-44F8-9F60-9DB7CC287D06}.Release|Any CPU.Build.0 = Release|Any CPU
		{E3D2A3C4-BE0C-44F8-9F60-9DB7CC287D06}.Release|x64.ActiveCfg = Release|Any CPU
		{E3D2A3C4-BE0C-44F8-9F60-9DB7CC287D06}.Release|x64.Build.0 = Release|Any CPU
		{E3D2A3C4-BE0C-44F8-9F60-9DB7CC287D06}.Release|x86.ActiveCfg = Release|Any CPU
		{E3D2A3C4-BE0C-44F8-9F60-9DB7CC287D06}.Release|x86.Build.0 = Release|Any CPU
		{C46725BC-4E2E-4410-B602-EAF9A24914C0}.Debug|Any CPU.ActiveCfg = Debug|Any CPU
		{C46725BC-4E2E-4410-B602-EAF9A24914C0}.Debug|Any CPU.Build.0 = Debug|Any CPU
		{C46725BC-4E2E-4410-B602-EAF9A24914C0}.Debug|x64.ActiveCfg = Debug|Any CPU
		{C46725BC-4E2E-4410-B602-EAF9A24914C0}.Debug|x64.Build.0 = Debug|Any CPU
		{C46725BC-4E2E-4410-B602-EAF9A24914C0}.Debug|x86.ActiveCfg = Debug|Any CPU
		{C46725BC-4E2E-4410-B602-EAF9A24914C0}.Debug|x86.Build.0 = Debug|Any CPU
		{C46725BC-4E2E-4410-B602-EAF9A24914C0}.Release|Any CPU.ActiveCfg = Release|Any CPU
		{C46725BC-4E2E-4410-B602-EAF9A24914C0}.Release|Any CPU.Build.0 = Release|Any CPU
		{C46725BC-4E2E-4410-B602-EAF9A24914C0}.Release|x64.ActiveCfg = Release|Any CPU
		{C46725BC-4E2E-4410-B602-EAF9A24914C0}.Release|x64.Build.0 = Release|Any CPU
		{C46725BC-4E2E-4410-B602-EAF9A24914C0}.Release|x86.ActiveCfg = Release|Any CPU
		{C46725BC-4E2E-4410-B602-EAF9A24914C0}.Release|x86.Build.0 = Release|Any CPU
		{0CEE12CB-8D61-4858-9F72-442B30AF4739}.Debug|Any CPU.ActiveCfg = Debug|Any CPU
		{0CEE12CB-8D61-4858-9F72-442B30AF4739}.Debug|Any CPU.Build.0 = Debug|Any CPU
		{0CEE12CB-8D61-4858-9F72-442B30AF4739}.Debug|x64.ActiveCfg = Debug|Any CPU
		{0CEE12CB-8D61-4858-9F72-442B30AF4739}.Debug|x64.Build.0 = Debug|Any CPU
		{0CEE12CB-8D61-4858-9F72-442B30AF4739}.Debug|x86.ActiveCfg = Debug|Any CPU
		{0CEE12CB-8D61-4858-9F72-442B30AF4739}.Debug|x86.Build.0 = Debug|Any CPU
		{0CEE12CB-8D61-4858-9F72-442B30AF4739}.Release|Any CPU.ActiveCfg = Release|Any CPU
		{0CEE12CB-8D61-4858-9F72-442B30AF4739}.Release|Any CPU.Build.0 = Release|Any CPU
		{0CEE12CB-8D61-4858-9F72-442B30AF4739}.Release|x64.ActiveCfg = Release|Any CPU
		{0CEE12CB-8D61-4858-9F72-442B30AF4739}.Release|x64.Build.0 = Release|Any CPU
		{0CEE12CB-8D61-4858-9F72-442B30AF4739}.Release|x86.ActiveCfg = Release|Any CPU
		{0CEE12CB-8D61-4858-9F72-442B30AF4739}.Release|x86.Build.0 = Release|Any CPU
	EndGlobalSection
	GlobalSection(SolutionProperties) = preSolution
		HideSolutionNode = FALSE
	EndGlobalSection
	GlobalSection(NestedProjects) = preSolution
		{16399301-E15C-4F78-948F-E84B9C647618} = {06696615-FD14-43CC-92CE-44BC7FA2A411}
		{148D5244-45EA-49F6-8CD1-E694897B876D} = {06696615-FD14-43CC-92CE-44BC7FA2A411}
		{2104F176-D79F-4DC4-B93C-DFC7B8676203} = {AC8466F0-B7CB-45AC-B226-659096CC1529}
		{9EE3BF5E-F996-42F1-B70C-450F62E8AB5A} = {AC8466F0-B7CB-45AC-B226-659096CC1529}
		{A4555400-7832-4FD9-9BC0-845E4091F5D6} = {AC8466F0-B7CB-45AC-B226-659096CC1529}
		{A682B09D-0B3E-4D5A-9F25-1E9B96B1512F} = {F64A2972-E918-4EEC-A65B-28554FEE281D}
		{E3D2A3C4-BE0C-44F8-9F60-9DB7CC287D06} = {A682B09D-0B3E-4D5A-9F25-1E9B96B1512F}
		{C46725BC-4E2E-4410-B602-EAF9A24914C0} = {A682B09D-0B3E-4D5A-9F25-1E9B96B1512F}
	EndGlobalSection
	GlobalSection(ExtensibilityGlobals) = postSolution
		SolutionGuid = {604F113E-A0BD-4E16-8B46-92C318E25D4D}
	EndGlobalSection
EndGlobal
