
Microsoft Visual Studio Solution File, Format Version 12.00
# Visual Studio 15
VisualStudioVersion = 15.0.26124.0
MinimumVisualStudioVersion = 15.0.26124.0
Project("{FAE04EC0-301F-11D3-BF4B-00C04F79EFBC}") = "SieveLibrary", "SieveLibrary\SieveLibrary.csproj", "{1960E57A-EA57-4135-8FF8-B326668791C9}"
EndProject
Project("{FAE04EC0-301F-11D3-BF4B-00C04F79EFBC}") = "Ex1Console", "Ex1Console\Ex1Console.csproj", "{EA899FFE-3144-4378-8803-21D7A1B8889B}"
EndProject
Project("{FAE04EC0-301F-11D3-BF4B-00C04F79EFBC}") = "SieveTest", "SieveTest\SieveTest.csproj", "{86031431-FE3C-4F2D-907C-36F2724268F8}"
EndProject
Global
	GlobalSection(SolutionConfigurationPlatforms) = preSolution
		Debug|Any CPU = Debug|Any CPU
		Debug|x64 = Debug|x64
		Debug|x86 = Debug|x86
		Release|Any CPU = Release|Any CPU
		Release|x64 = Release|x64
		Release|x86 = Release|x86
	EndGlobalSection
	GlobalSection(SolutionProperties) = preSolution
		HideSolutionNode = FALSE
	EndGlobalSection
	GlobalSection(ProjectConfigurationPlatforms) = postSolution
		{1960E57A-EA57-4135-8FF8-B326668791C9}.Debug|Any CPU.ActiveCfg = Debug|Any CPU
		{1960E57A-EA57-4135-8FF8-B326668791C9}.Debug|Any CPU.Build.0 = Debug|Any CPU
		{1960E57A-EA57-4135-8FF8-B326668791C9}.Debug|x64.ActiveCfg = Debug|Any CPU
		{1960E57A-EA57-4135-8FF8-B326668791C9}.Debug|x64.Build.0 = Debug|Any CPU
		{1960E57A-EA57-4135-8FF8-B326668791C9}.Debug|x86.ActiveCfg = Debug|Any CPU
		{1960E57A-EA57-4135-8FF8-B326668791C9}.Debug|x86.Build.0 = Debug|Any CPU
		{1960E57A-EA57-4135-8FF8-B326668791C9}.Release|Any CPU.ActiveCfg = Release|Any CPU
		{1960E57A-EA57-4135-8FF8-B326668791C9}.Release|Any CPU.Build.0 = Release|Any CPU
		{1960E57A-EA57-4135-8FF8-B326668791C9}.Release|x64.ActiveCfg = Release|Any CPU
		{1960E57A-EA57-4135-8FF8-B326668791C9}.Release|x64.Build.0 = Release|Any CPU
		{1960E57A-EA57-4135-8FF8-B326668791C9}.Release|x86.ActiveCfg = Release|Any CPU
		{1960E57A-EA57-4135-8FF8-B326668791C9}.Release|x86.Build.0 = Release|Any CPU
		{EA899FFE-3144-4378-8803-21D7A1B8889B}.Debug|Any CPU.ActiveCfg = Debug|Any CPU
		{EA899FFE-3144-4378-8803-21D7A1B8889B}.Debug|Any CPU.Build.0 = Debug|Any CPU
		{EA899FFE-3144-4378-8803-21D7A1B8889B}.Debug|x64.ActiveCfg = Debug|Any CPU
		{EA899FFE-3144-4378-8803-21D7A1B8889B}.Debug|x64.Build.0 = Debug|Any CPU
		{EA899FFE-3144-4378-8803-21D7A1B8889B}.Debug|x86.ActiveCfg = Debug|Any CPU
		{EA899FFE-3144-4378-8803-21D7A1B8889B}.Debug|x86.Build.0 = Debug|Any CPU
		{EA899FFE-3144-4378-8803-21D7A1B8889B}.Release|Any CPU.ActiveCfg = Release|Any CPU
		{EA899FFE-3144-4378-8803-21D7A1B8889B}.Release|Any CPU.Build.0 = Release|Any CPU
		{EA899FFE-3144-4378-8803-21D7A1B8889B}.Release|x64.ActiveCfg = Release|Any CPU
		{EA899FFE-3144-4378-8803-21D7A1B8889B}.Release|x64.Build.0 = Release|Any CPU
		{EA899FFE-3144-4378-8803-21D7A1B8889B}.Release|x86.ActiveCfg = Release|Any CPU
		{EA899FFE-3144-4378-8803-21D7A1B8889B}.Release|x86.Build.0 = Release|Any CPU
		{86031431-FE3C-4F2D-907C-36F2724268F8}.Debug|Any CPU.ActiveCfg = Debug|Any CPU
		{86031431-FE3C-4F2D-907C-36F2724268F8}.Debug|Any CPU.Build.0 = Debug|Any CPU
		{86031431-FE3C-4F2D-907C-36F2724268F8}.Debug|x64.ActiveCfg = Debug|Any CPU
		{86031431-FE3C-4F2D-907C-36F2724268F8}.Debug|x64.Build.0 = Debug|Any CPU
		{86031431-FE3C-4F2D-907C-36F2724268F8}.Debug|x86.ActiveCfg = Debug|Any CPU
		{86031431-FE3C-4F2D-907C-36F2724268F8}.Debug|x86.Build.0 = Debug|Any CPU
		{86031431-FE3C-4F2D-907C-36F2724268F8}.Release|Any CPU.ActiveCfg = Release|Any CPU
		{86031431-FE3C-4F2D-907C-36F2724268F8}.Release|Any CPU.Build.0 = Release|Any CPU
		{86031431-FE3C-4F2D-907C-36F2724268F8}.Release|x64.ActiveCfg = Release|Any CPU
		{86031431-FE3C-4F2D-907C-36F2724268F8}.Release|x64.Build.0 = Release|Any CPU
		{86031431-FE3C-4F2D-907C-36F2724268F8}.Release|x86.ActiveCfg = Release|Any CPU
		{86031431-FE3C-4F2D-907C-36F2724268F8}.Release|x86.Build.0 = Release|Any CPU
	EndGlobalSection
EndGlobal
